
Microsoft Visual Studio Solution File, Format Version 12.00
# Visual Studio Version 17
VisualStudioVersion = 17.6.33712.159
MinimumVisualStudioVersion = 10.0.40219.1
Project("{FAE04EC0-301F-11D3-BF4B-00C04F79EFBC}") = "Bai1", "Bai1\Bai1.csproj", "{D6DC7B8F-74C1-4BCD-A5E6-B50E1EB3023F}"
EndProject
Global
	GlobalSection(SolutionConfigurationPlatforms) = preSolution
		Debug|Any CPU = Debug|Any CPU
		Release|Any CPU = Release|Any CPU
	EndGlobalSection
	GlobalSection(ProjectConfigurationPlatforms) = postSolution
		{D6DC7B8F-74C1-4BCD-A5E6-B50E1EB3023F}.Debug|Any CPU.ActiveCfg = Debug|Any CPU
		{D6DC7B8F-74C1-4BCD-A5E6-B50E1EB3023F}.Debug|Any CPU.Build.0 = Debug|Any CPU
		{D6DC7B8F-74C1-4BCD-A5E6-B50E1EB3023F}.Release|Any CPU.ActiveCfg = Release|Any CPU
		{D6DC7B8F-74C1-4BCD-A5E6-B50E1EB3023F}.Release|Any CPU.Build.0 = Release|Any CPU
	EndGlobalSection
	GlobalSection(SolutionProperties) = preSolution
		HideSolutionNode = FALSE
	EndGlobalSection
	GlobalSection(ExtensibilityGlobals) = postSolution
		SolutionGuid = {B8A17D03-7228-41B9-80C8-86E44F9FC27D}
	EndGlobalSection
EndGlobal
